
Microsoft Visual Studio Solution File, Format Version 12.00
# Visual Studio 14
VisualStudioVersion = 14.0.25123.0
MinimumVisualStudioVersion = 10.0.40219.1
Project("{FAE04EC0-301F-11D3-BF4B-00C04F79EFBC}") = "DiskController", "DiskController\DiskController.csproj", "{F33051C8-434F-41B5-91A9-A3B0F1764294}"
EndProject
Project("{FAE04EC0-301F-11D3-BF4B-00C04F79EFBC}") = "Test", "Test\Test.csproj", "{9F57F91D-D974-4862-A6C2-14564BA13EA0}"
EndProject
Global
	GlobalSection(SolutionConfigurationPlatforms) = preSolution
		Debug|Any CPU = Debug|Any CPU
		Release|Any CPU = Release|Any CPU
	EndGlobalSection
	GlobalSection(ProjectConfigurationPlatforms) = postSolution
		{F33051C8-434F-41B5-91A9-A3B0F1764294}.Debug|Any CPU.ActiveCfg = Debug|Any CPU
		{F33051C8-434F-41B5-91A9-A3B0F1764294}.Debug|Any CPU.Build.0 = Debug|Any CPU
		{F33051C8-434F-41B5-91A9-A3B0F1764294}.Release|Any CPU.ActiveCfg = Release|Any CPU
		{F33051C8-434F-41B5-91A9-A3B0F1764294}.Release|Any CPU.Build.0 = Release|Any CPU
		{9F57F91D-D974-4862-A6C2-14564BA13EA0}.Debug|Any CPU.ActiveCfg = Debug|Any CPU
		{9F57F91D-D974-4862-A6C2-14564BA13EA0}.Debug|Any CPU.Build.0 = Debug|Any CPU
		{9F57F91D-D974-4862-A6C2-14564BA13EA0}.Release|Any CPU.ActiveCfg = Release|Any CPU
		{9F57F91D-D974-4862-A6C2-14564BA13EA0}.Release|Any CPU.Build.0 = Release|Any CPU
	EndGlobalSection
	GlobalSection(SolutionProperties) = preSolution
		HideSolutionNode = FALSE
	EndGlobalSection
EndGlobal
